{
  "name": "hello_world",
  "lockfileVersion": 3,
  "requires": true,
  "packages": {
    "": {
      "name": "hello_world",
      "engines": {
        "node": ">=16.0.0",
        "npm": ">=7.0.0"
      }
    },
    "src/hello_world_frontend": {
      "version": "0.0.0",
      "extraneous": true,
      "dependencies": {
        "@dfinity/agent": "^0.15.7",
        "@dfinity/candid": "^0.15.7",
        "@dfinity/principal": "^0.15.7",
        "react": "^18.2.0",
        "react-dom": "^18.2.0"
      },
      "devDependencies": {
        "@types/react": "^18.2.14",
        "@types/react-dom": "^18.2.6",
        "@vitejs/plugin-react": "^4.0.1",
        "dotenv": "^16.3.1",
        "sass": "^1.63.6",
        "typescript": "^5.1.3",
        "vite": "^4.3.9",
        "vite-plugin-environment": "^1.1.3"
      }
    }
  }
}
